
Microsoft Visual Studio Solution File, Format Version 12.00
# Visual Studio Version 17
VisualStudioVersion = 17.7.34221.43
MinimumVisualStudioVersion = 10.0.40219.1
Project("{FAE04EC0-301F-11D3-BF4B-00C04F79EFBC}") = "filename-type", "filename-type.csproj", "{4FCD34A5-E57F-4DA9-A90D-57C9C335B04A}"
EndProject
Global
	GlobalSection(SolutionConfigurationPlatforms) = preSolution
		Debug|Any CPU = Debug|Any CPU
		Release|Any CPU = Release|Any CPU
	EndGlobalSection
	GlobalSection(ProjectConfigurationPlatforms) = postSolution
		{4FCD34A5-E57F-4DA9-A90D-57C9C335B04A}.Debug|Any CPU.ActiveCfg = Debug|Any CPU
		{4FCD34A5-E57F-4DA9-A90D-57C9C335B04A}.Debug|Any CPU.Build.0 = Debug|Any CPU
		{4FCD34A5-E57F-4DA9-A90D-57C9C335B04A}.Release|Any CPU.ActiveCfg = Release|Any CPU
		{4FCD34A5-E57F-4DA9-A90D-57C9C335B04A}.Release|Any CPU.Build.0 = Release|Any CPU
	EndGlobalSection
	GlobalSection(SolutionProperties) = preSolution
		HideSolutionNode = FALSE
	EndGlobalSection
	GlobalSection(ExtensibilityGlobals) = postSolution
		SolutionGuid = {56DABBFB-0518-4BFA-B224-B45FCA35230F}
	EndGlobalSection
EndGlobal
