
Microsoft Visual Studio Solution File, Format Version 12.00
# Visual Studio Version 17
VisualStudioVersion = 17.7.34221.43
MinimumVisualStudioVersion = 10.0.40219.1
Project("{9A19103F-16F7-4668-BE54-9A1E7A4F7556}") = "filename-type", "filename-type.csproj", "{4FCD34A5-E57F-4DA9-A90D-57C9C335B04A}"
EndProject
Global
	GlobalSection(SolutionConfigurationPlatforms) = preSolution
		Debug|Any CPU = Debug|Any CPU
		Debug|x64 = Debug|x64
		Release|Any CPU = Release|Any CPU
		Release|x64 = Release|x64
	EndGlobalSection
	GlobalSection(ProjectConfigurationPlatforms) = postSolution
		{4FCD34A5-E57F-4DA9-A90D-57C9C335B04A}.Debug|Any CPU.ActiveCfg = Debug|Any CPU
		{4FCD34A5-E57F-4DA9-A90D-57C9C335B04A}.Debug|Any CPU.Build.0 = Debug|Any CPU
		{4FCD34A5-E57F-4DA9-A90D-57C9C335B04A}.Debug|x64.ActiveCfg = Debug|x64
		{4FCD34A5-E57F-4DA9-A90D-57C9C335B04A}.Debug|x64.Build.0 = Debug|x64
		{4FCD34A5-E57F-4DA9-A90D-57C9C335B04A}.Release|Any CPU.ActiveCfg = Release|Any CPU
		{4FCD34A5-E57F-4DA9-A90D-57C9C335B04A}.Release|Any CPU.Build.0 = Release|Any CPU
		{4FCD34A5-E57F-4DA9-A90D-57C9C335B04A}.Release|x64.ActiveCfg = Release|x64
		{4FCD34A5-E57F-4DA9-A90D-57C9C335B04A}.Release|x64.Build.0 = Release|x64
	EndGlobalSection
	GlobalSection(SolutionProperties) = preSolution
		HideSolutionNode = FALSE
	EndGlobalSection
	GlobalSection(ExtensibilityGlobals) = postSolution
		SolutionGuid = {56DABBFB-0518-4BFA-B224-B45FCA35230F}
	EndGlobalSection
EndGlobal
